PODS:
  - LWReachabilityManager (1.0.0)
  - LWWordConverter (1.0.0):
    - LWReachabilityManager
    - SQLCipher
  - SQLCipher (4.2.0):
    - SQLCipher/standard (= 4.2.0)
  - SQLCipher/common (4.2.0)
  - SQLCipher/standard (4.2.0):
    - SQLCipher/common

DEPENDENCIES:
  - LWReachabilityManager
  - LWWordConverter (from `../`)
  - SQLCipher

SPEC REPOS:
  https://gitee.com/lw_ios_project/mylibrepo.git:
    - LWReachabilityManager
  trunk:
    - SQLCipher

EXTERNAL SOURCES:
  LWWordConverter:
    :path: "../"

SPEC CHECKSUMS:
  LWReachabilityManager: 731767d00a7f5d1bff08509b0b74631ee0de4955
  LWWordConverter: 4abd1992e0405189a7ae9c4a1a852783202e20d4
  SQLCipher: 0187a2180ac288ea686b670b7141da62cd013b16

PODFILE CHECKSUM: 8d9523b70a48796cef60ffb81d5f9217384f4bd0

COCOAPODS: 1.9.2
